
Microsoft Visual Studio Solution File, Format Version 12.00
# Visual Studio Version 17
VisualStudioVersion = 17.2.32516.85
MinimumVisualStudioVersion = 10.0.40219.1
Project("{FAE04EC0-301F-11D3-BF4B-00C04F79EFBC}") = "rpsls.Console", "rpsls.Console\rpsls.Console.csproj", "{7A630D2E-CCF7-405D-B72C-DA0981A63B28}"
EndProject
Project("{FAE04EC0-301F-11D3-BF4B-00C04F79EFBC}") = "rpsls.Application", "rpsls.Application\rpsls.Application.csproj", "{54AD9DAF-034E-4D40-B0C4-495FD049AB03}"
EndProject
Project("{FAE04EC0-301F-11D3-BF4B-00C04F79EFBC}") = "rpsls.IoC", "rpsls.IoC\rpsls.IoC.csproj", "{F7DFB547-166A-4F7D-B1B6-7C02EC1543B1}"
EndProject
Project("{FAE04EC0-301F-11D3-BF4B-00C04F79EFBC}") = "rpsls.Domain", "rpsls.Domain\rpsls.Domain.csproj", "{67A405BF-5BB5-4508-A74A-521A86693CA5}"
EndProject
Project("{FAE04EC0-301F-11D3-BF4B-00C04F79EFBC}") = "rpsls.Infrastructure", "rpsls.Infrastructure\rpsls.Infrastructure.csproj", "{B0EBF369-B204-41D5-A635-0964F9748480}"
EndProject
Global
	GlobalSection(SolutionConfigurationPlatforms) = preSolution
		Debug|Any CPU = Debug|Any CPU
		Release|Any CPU = Release|Any CPU
	EndGlobalSection
	GlobalSection(ProjectConfigurationPlatforms) = postSolution
		{7A630D2E-CCF7-405D-B72C-DA0981A63B28}.Debug|Any CPU.ActiveCfg = Debug|Any CPU
		{7A630D2E-CCF7-405D-B72C-DA0981A63B28}.Debug|Any CPU.Build.0 = Debug|Any CPU
		{7A630D2E-CCF7-405D-B72C-DA0981A63B28}.Release|Any CPU.ActiveCfg = Release|Any CPU
		{7A630D2E-CCF7-405D-B72C-DA0981A63B28}.Release|Any CPU.Build.0 = Release|Any CPU
		{54AD9DAF-034E-4D40-B0C4-495FD049AB03}.Debug|Any CPU.ActiveCfg = Debug|Any CPU
		{54AD9DAF-034E-4D40-B0C4-495FD049AB03}.Debug|Any CPU.Build.0 = Debug|Any CPU
		{54AD9DAF-034E-4D40-B0C4-495FD049AB03}.Release|Any CPU.ActiveCfg = Release|Any CPU
		{54AD9DAF-034E-4D40-B0C4-495FD049AB03}.Release|Any CPU.Build.0 = Release|Any CPU
		{F7DFB547-166A-4F7D-B1B6-7C02EC1543B1}.Debug|Any CPU.ActiveCfg = Debug|Any CPU
		{F7DFB547-166A-4F7D-B1B6-7C02EC1543B1}.Debug|Any CPU.Build.0 = Debug|Any CPU
		{F7DFB547-166A-4F7D-B1B6-7C02EC1543B1}.Release|Any CPU.ActiveCfg = Release|Any CPU
		{F7DFB547-166A-4F7D-B1B6-7C02EC1543B1}.Release|Any CPU.Build.0 = Release|Any CPU
		{67A405BF-5BB5-4508-A74A-521A86693CA5}.Debug|Any CPU.ActiveCfg = Debug|Any CPU
		{67A405BF-5BB5-4508-A74A-521A86693CA5}.Debug|Any CPU.Build.0 = Debug|Any CPU
		{67A405BF-5BB5-4508-A74A-521A86693CA5}.Release|Any CPU.ActiveCfg = Release|Any CPU
		{67A405BF-5BB5-4508-A74A-521A86693CA5}.Release|Any CPU.Build.0 = Release|Any CPU
		{B0EBF369-B204-41D5-A635-0964F9748480}.Debug|Any CPU.ActiveCfg = Debug|Any CPU
		{B0EBF369-B204-41D5-A635-0964F9748480}.Debug|Any CPU.Build.0 = Debug|Any CPU
		{B0EBF369-B204-41D5-A635-0964F9748480}.Release|Any CPU.ActiveCfg = Release|Any CPU
		{B0EBF369-B204-41D5-A635-0964F9748480}.Release|Any CPU.Build.0 = Release|Any CPU
	EndGlobalSection
	GlobalSection(SolutionProperties) = preSolution
		HideSolutionNode = FALSE
	EndGlobalSection
	GlobalSection(ExtensibilityGlobals) = postSolution
		SolutionGuid = {3D606393-6358-4358-AD4E-B983B8C8F639}
	EndGlobalSection
EndGlobal
